
Microsoft Visual Studio Solution File, Format Version 11.00
# Visual Studio 2010
# SharpDevelop 5.1
Project("{FAE04EC0-301F-11D3-BF4B-00C04F79EFBC}") = "Punto1", "Punto1.csproj", "{055E5FF2-58D8-4B1B-9BFB-C9F1D6AA9684}"
EndProject
Global
	GlobalSection(SolutionConfigurationPlatforms) = preSolution
		Debug|Any CPU = Debug|Any CPU
		Release|Any CPU = Release|Any CPU
	EndGlobalSection
	GlobalSection(ProjectConfigurationPlatforms) = postSolution
		{055E5FF2-58D8-4B1B-9BFB-C9F1D6AA9684}.Debug|Any CPU.ActiveCfg = Debug|Any CPU
		{055E5FF2-58D8-4B1B-9BFB-C9F1D6AA9684}.Debug|Any CPU.Build.0 = Debug|Any CPU
		{055E5FF2-58D8-4B1B-9BFB-C9F1D6AA9684}.Release|Any CPU.ActiveCfg = Release|Any CPU
		{055E5FF2-58D8-4B1B-9BFB-C9F1D6AA9684}.Release|Any CPU.Build.0 = Release|Any CPU
	EndGlobalSection
EndGlobal
